
Microsoft Visual Studio Solution File, Format Version 12.00
# Visual Studio Version 17
VisualStudioVersion = 17.0.31903.59
MinimumVisualStudioVersion = 10.0.40219.1
Project("{2150E333-8FDC-42A3-9474-1A3956D46DE8}") = "src", "src", "{827E0CD3-B72D-47B6-A68D-7590B98EB39B}"
EndProject
Project("{FAE04EC0-301F-11D3-BF4B-00C04F79EFBC}") = "CrewCall.Api", "src\CrewCall.Api\CrewCall.Api.csproj", "{00A7FFFC-3CD4-4419-B0F2-F08FF0557069}"
EndProject
Project("{FAE04EC0-301F-11D3-BF4B-00C04F79EFBC}") = "CrewCall.WorkOrders", "src\CrewCall.WorkOrders\CrewCall.WorkOrders.csproj", "{3A287B50-1F6E-445C-B073-6547529B47E9}"
EndProject
Project("{FAE04EC0-301F-11D3-BF4B-00C04F79EFBC}") = "CrewCall.Workforce", "src\CrewCall.Workforce\CrewCall.Workforce.csproj", "{265D35D8-55FB-4892-A43A-34F7DDE53310}"
EndProject
Project("{FAE04EC0-301F-11D3-BF4B-00C04F79EFBC}") = "CrewCall.Resources", "src\CrewCall.Resources\CrewCall.Resources.csproj", "{B10BFFA7-E9D9-4D51-94AC-51A218A24CEC}"
EndProject
Project("{FAE04EC0-301F-11D3-BF4B-00C04F79EFBC}") = "CrewCall.Scheduling", "src\CrewCall.Scheduling\CrewCall.Scheduling.csproj", "{388B8499-1B11-4C7F-923F-74A589177625}"
EndProject
Project("{F2A71F9B-5D33-465A-A702-920D77279786}") = "CrewCall.Scheduling.Core", "src\CrewCall.Scheduling.Core\CrewCall.Scheduling.Core.fsproj", "{E7550660-0BAC-4CF6-8170-09FCC5657E9F}"
EndProject
Project("{FAE04EC0-301F-11D3-BF4B-00C04F79EFBC}") = "CrewCall.Contracts", "src\CrewCall.Contracts\CrewCall.Contracts.csproj", "{E6F69F6E-04D6-4C0A-8566-4528E7217D5E}"
EndProject
Project("{FAE04EC0-301F-11D3-BF4B-00C04F79EFBC}") = "CrewCall.Persistence", "src\CrewCall.Persistence\CrewCall.Persistence.csproj", "{31634551-5B34-4619-92FC-C87C46E2ADB6}"
EndProject
Project("{FAE04EC0-301F-11D3-BF4B-00C04F79EFBC}") = "CrewCall.Web", "src\CrewCall.Web\CrewCall.Web.csproj", "{6A8C49EA-84C7-476E-83B4-0826D93D8531}"
EndProject
Project("{FAE04EC0-301F-11D3-BF4B-00C04F79EFBC}") = "CrewCall.AppHost", "src\CrewCall.AppHost\CrewCall.AppHost.csproj", "{2E10843A-E32D-4AF5-B489-E2ECC5D7D8E4}"
EndProject
Project("{FAE04EC0-301F-11D3-BF4B-00C04F79EFBC}") = "CrewCall.ServiceDefaults", "src\CrewCall.ServiceDefaults\CrewCall.ServiceDefaults.csproj", "{8A03269B-83D4-40AD-A03E-26679C758237}"
EndProject
Project("{2150E333-8FDC-42A3-9474-1A3956D46DE8}") = "tests", "tests", "{0AB3BF05-4346-4AA6-1389-037BE0695223}"
EndProject
Project("{F2A71F9B-5D33-465A-A702-920D77279786}") = "CrewCall.Scheduling.Core.Tests", "tests\CrewCall.Scheduling.Core.Tests\CrewCall.Scheduling.Core.Tests.fsproj", "{450D4365-A70D-48C4-A10F-09D6C47828DC}"
EndProject
Project("{FAE04EC0-301F-11D3-BF4B-00C04F79EFBC}") = "CrewCall.Api.Tests", "tests\CrewCall.Api.Tests\CrewCall.Api.Tests.csproj", "{C42C4C2A-CE3B-42EA-8C54-38CAF40D170A}"
EndProject
Global
	GlobalSection(SolutionConfigurationPlatforms) = preSolution
		Debug|Any CPU = Debug|Any CPU
		Debug|x64 = Debug|x64
		Debug|x86 = Debug|x86
		Release|Any CPU = Release|Any CPU
		Release|x64 = Release|x64
		Release|x86 = Release|x86
	EndGlobalSection
	GlobalSection(ProjectConfigurationPlatforms) = postSolution
		{00A7FFFC-3CD4-4419-B0F2-F08FF0557069}.Debug|Any CPU.ActiveCfg = Debug|Any CPU
		{00A7FFFC-3CD4-4419-B0F2-F08FF0557069}.Debug|Any CPU.Build.0 = Debug|Any CPU
		{00A7FFFC-3CD4-4419-B0F2-F08FF0557069}.Debug|x64.ActiveCfg = Debug|Any CPU
		{00A7FFFC-3CD4-4419-B0F2-F08FF0557069}.Debug|x64.Build.0 = Debug|Any CPU
		{00A7FFFC-3CD4-4419-B0F2-F08FF0557069}.Debug|x86.ActiveCfg = Debug|Any CPU
		{00A7FFFC-3CD4-4419-B0F2-F08FF0557069}.Debug|x86.Build.0 = Debug|Any CPU
		{00A7FFFC-3CD4-4419-B0F2-F08FF0557069}.Release|Any CPU.ActiveCfg = Release|Any CPU
		{00A7FFFC-3CD4-4419-B0F2-F08FF0557069}.Release|Any CPU.Build.0 = Release|Any CPU
		{00A7FFFC-3CD4-4419-B0F2-F08FF0557069}.Release|x64.ActiveCfg = Release|Any CPU
		{00A7FFFC-3CD4-4419-B0F2-F08FF0557069}.Release|x64.Build.0 = Release|Any CPU
		{00A7FFFC-3CD4-4419-B0F2-F08FF0557069}.Release|x86.ActiveCfg = Release|Any CPU
		{00A7FFFC-3CD4-4419-B0F2-F08FF0557069}.Release|x86.Build.0 = Release|Any CPU
		{3A287B50-1F6E-445C-B073-6547529B47E9}.Debug|Any CPU.ActiveCfg = Debug|Any CPU
		{3A287B50-1F6E-445C-B073-6547529B47E9}.Debug|Any CPU.Build.0 = Debug|Any CPU
		{3A287B50-1F6E-445C-B073-6547529B47E9}.Debug|x64.ActiveCfg = Debug|Any CPU
		{3A287B50-1F6E-445C-B073-6547529B47E9}.Debug|x64.Build.0 = Debug|Any CPU
		{3A287B50-1F6E-445C-B073-6547529B47E9}.Debug|x86.ActiveCfg = Debug|Any CPU
		{3A287B50-1F6E-445C-B073-6547529B47E9}.Debug|x86.Build.0 = Debug|Any CPU
		{3A287B50-1F6E-445C-B073-6547529B47E9}.Release|Any CPU.ActiveCfg = Release|Any CPU
		{3A287B50-1F6E-445C-B073-6547529B47E9}.Release|Any CPU.Build.0 = Release|Any CPU
		{3A287B50-1F6E-445C-B073-6547529B47E9}.Release|x64.ActiveCfg = Release|Any CPU
		{3A287B50-1F6E-445C-B073-6547529B47E9}.Release|x64.Build.0 = Release|Any CPU
		{3A287B50-1F6E-445C-B073-6547529B47E9}.Release|x86.ActiveCfg = Release|Any CPU
		{3A287B50-1F6E-445C-B073-6547529B47E9}.Release|x86.Build.0 = Release|Any CPU
		{265D35D8-55FB-4892-A43A-34F7DDE53310}.Debug|Any CPU.ActiveCfg = Debug|Any CPU
		{265D35D8-55FB-4892-A43A-34F7DDE53310}.Debug|Any CPU.Build.0 = Debug|Any CPU
		{265D35D8-55FB-4892-A43A-34F7DDE53310}.Debug|x64.ActiveCfg = Debug|Any CPU
		{265D35D8-55FB-4892-A43A-34F7DDE53310}.Debug|x64.Build.0 = Debug|Any CPU
		{265D35D8-55FB-4892-A43A-34F7DDE53310}.Debug|x86.ActiveCfg = Debug|Any CPU
		{265D35D8-55FB-4892-A43A-34F7DDE53310}.Debug|x86.Build.0 = Debug|Any CPU
		{265D35D8-55FB-4892-A43A-34F7DDE53310}.Release|Any CPU.ActiveCfg = Release|Any CPU
		{265D35D8-55FB-4892-A43A-34F7DDE53310}.Release|Any CPU.Build.0 = Release|Any CPU
		{265D35D8-55FB-4892-A43A-34F7DDE53310}.Release|x64.ActiveCfg = Release|Any CPU
		{265D35D8-55FB-4892-A43A-34F7DDE53310}.Release|x64.Build.0 = Release|Any CPU
		{265D35D8-55FB-4892-A43A-34F7DDE53310}.Release|x86.ActiveCfg = Release|Any CPU
		{265D35D8-55FB-4892-A43A-34F7DDE53310}.Release|x86.Build.0 = Release|Any CPU
		{B10BFFA7-E9D9-4D51-94AC-51A218A24CEC}.Debug|Any CPU.ActiveCfg = Debug|Any CPU
		{B10BFFA7-E9D9-4D51-94AC-51A218A24CEC}.Debug|Any CPU.Build.0 = Debug|Any CPU
		{B10BFFA7-E9D9-4D51-94AC-51A218A24CEC}.Debug|x64.ActiveCfg = Debug|Any CPU
		{B10BFFA7-E9D9-4D51-94AC-51A218A24CEC}.Debug|x64.Build.0 = Debug|Any CPU
		{B10BFFA7-E9D9-4D51-94AC-51A218A24CEC}.Debug|x86.ActiveCfg = Debug|Any CPU
		{B10BFFA7-E9D9-4D51-94AC-51A218A24CEC}.Debug|x86.Build.0 = Debug|Any CPU
		{B10BFFA7-E9D9-4D51-94AC-51A218A24CEC}.Release|Any CPU.ActiveCfg = Release|Any CPU
		{B10BFFA7-E9D9-4D51-94AC-51A218A24CEC}.Release|Any CPU.Build.0 = Release|Any CPU
		{B10BFFA7-E9D9-4D51-94AC-51A218A24CEC}.Release|x64.ActiveCfg = Release|Any CPU
		{B10BFFA7-E9D9-4D51-94AC-51A218A24CEC}.Release|x64.Build.0 = Release|Any CPU
		{B10BFFA7-E9D9-4D51-94AC-51A218A24CEC}.Release|x86.ActiveCfg = Release|Any CPU
		{B10BFFA7-E9D9-4D51-94AC-51A218A24CEC}.Release|x86.Build.0 = Release|Any CPU
		{388B8499-1B11-4C7F-923F-74A589177625}.Debug|Any CPU.ActiveCfg = Debug|Any CPU
		{388B8499-1B11-4C7F-923F-74A589177625}.Debug|Any CPU.Build.0 = Debug|Any CPU
		{388B8499-1B11-4C7F-923F-74A589177625}.Debug|x64.ActiveCfg = Debug|Any CPU
		{388B8499-1B11-4C7F-923F-74A589177625}.Debug|x64.Build.0 = Debug|Any CPU
		{388B8499-1B11-4C7F-923F-74A589177625}.Debug|x86.ActiveCfg = Debug|Any CPU
		{388B8499-1B11-4C7F-923F-74A589177625}.Debug|x86.Build.0 = Debug|Any CPU
		{388B8499-1B11-4C7F-923F-74A589177625}.Release|Any CPU.ActiveCfg = Release|Any CPU
		{388B8499-1B11-4C7F-923F-74A589177625}.Release|Any CPU.Build.0 = Release|Any CPU
		{388B8499-1B11-4C7F-923F-74A589177625}.Release|x64.ActiveCfg = Release|Any CPU
		{388B8499-1B11-4C7F-923F-74A589177625}.Release|x64.Build.0 = Release|Any CPU
		{388B8499-1B11-4C7F-923F-74A589177625}.Release|x86.ActiveCfg = Release|Any CPU
		{388B8499-1B11-4C7F-923F-74A589177625}.Release|x86.Build.0 = Release|Any CPU
		{E7550660-0BAC-4CF6-8170-09FCC5657E9F}.Debug|Any CPU.ActiveCfg = Debug|Any CPU
		{E7550660-0BAC-4CF6-8170-09FCC5657E9F}.Debug|Any CPU.Build.0 = Debug|Any CPU
		{E7550660-0BAC-4CF6-8170-09FCC5657E9F}.Debug|x64.ActiveCfg = Debug|Any CPU
		{E7550660-0BAC-4CF6-8170-09FCC5657E9F}.Debug|x64.Build.0 = Debug|Any CPU
		{E7550660-0BAC-4CF6-8170-09FCC5657E9F}.Debug|x86.ActiveCfg = Debug|Any CPU
		{E7550660-0BAC-4CF6-8170-09FCC5657E9F}.Debug|x86.Build.0 = Debug|Any CPU
		{E7550660-0BAC-4CF6-8170-09FCC5657E9F}.Release|Any CPU.ActiveCfg = Release|Any CPU
		{E7550660-0BAC-4CF6-8170-09FCC5657E9F}.Release|Any CPU.Build.0 = Release|Any CPU
		{E7550660-0BAC-4CF6-8170-09FCC5657E9F}.Release|x64.ActiveCfg = Release|Any CPU
		{E7550660-0BAC-4CF6-8170-09FCC5657E9F}.Release|x64.Build.0 = Release|Any CPU
		{E7550660-0BAC-4CF6-8170-09FCC5657E9F}.Release|x86.ActiveCfg = Release|Any CPU
		{E7550660-0BAC-4CF6-8170-09FCC5657E9F}.Release|x86.Build.0 = Release|Any CPU
		{E6F69F6E-04D6-4C0A-8566-4528E7217D5E}.Debug|Any CPU.ActiveCfg = Debug|Any CPU
		{E6F69F6E-04D6-4C0A-8566-4528E7217D5E}.Debug|Any CPU.Build.0 = Debug|Any CPU
		{E6F69F6E-04D6-4C0A-8566-4528E7217D5E}.Debug|x64.ActiveCfg = Debug|Any CPU
		{E6F69F6E-04D6-4C0A-8566-4528E7217D5E}.Debug|x64.Build.0 = Debug|Any CPU
		{E6F69F6E-04D6-4C0A-8566-4528E7217D5E}.Debug|x86.ActiveCfg = Debug|Any CPU
		{E6F69F6E-04D6-4C0A-8566-4528E7217D5E}.Debug|x86.Build.0 = Debug|Any CPU
		{E6F69F6E-04D6-4C0A-8566-4528E7217D5E}.Release|Any CPU.ActiveCfg = Release|Any CPU
		{E6F69F6E-04D6-4C0A-8566-4528E7217D5E}.Release|Any CPU.Build.0 = Release|Any CPU
		{E6F69F6E-04D6-4C0A-8566-4528E7217D5E}.Release|x64.ActiveCfg = Release|Any CPU
		{E6F69F6E-04D6-4C0A-8566-4528E7217D5E}.Release|x64.Build.0 = Release|Any CPU
		{E6F69F6E-04D6-4C0A-8566-4528E7217D5E}.Release|x86.ActiveCfg = Release|Any CPU
		{E6F69F6E-04D6-4C0A-8566-4528E7217D5E}.Release|x86.Build.0 = Release|Any CPU
		{31634551-5B34-4619-92FC-C87C46E2ADB6}.Debug|Any CPU.ActiveCfg = Debug|Any CPU
		{31634551-5B34-4619-92FC-C87C46E2ADB6}.Debug|Any CPU.Build.0 = Debug|Any CPU
		{31634551-5B34-4619-92FC-C87C46E2ADB6}.Debug|x64.ActiveCfg = Debug|Any CPU
		{31634551-5B34-4619-92FC-C87C46E2ADB6}.Debug|x64.Build.0 = Debug|Any CPU
		{31634551-5B34-4619-92FC-C87C46E2ADB6}.Debug|x86.ActiveCfg = Debug|Any CPU
		{31634551-5B34-4619-92FC-C87C46E2ADB6}.Debug|x86.Build.0 = Debug|Any CPU
		{31634551-5B34-4619-92FC-C87C46E2ADB6}.Release|Any CPU.ActiveCfg = Release|Any CPU
		{31634551-5B34-4619-92FC-C87C46E2ADB6}.Release|Any CPU.Build.0 = Release|Any CPU
		{31634551-5B34-4619-92FC-C87C46E2ADB6}.Release|x64.ActiveCfg = Release|Any CPU
		{31634551-5B34-4619-92FC-C87C46E2ADB6}.Release|x64.Build.0 = Release|Any CPU
		{31634551-5B34-4619-92FC-C87C46E2ADB6}.Release|x86.ActiveCfg = Release|Any CPU
		{31634551-5B34-4619-92FC-C87C46E2ADB6}.Release|x86.Build.0 = Release|Any CPU
		{6A8C49EA-84C7-476E-83B4-0826D93D8531}.Debug|Any CPU.ActiveCfg = Debug|Any CPU
		{6A8C49EA-84C7-476E-83B4-0826D93D8531}.Debug|Any CPU.Build.0 = Debug|Any CPU
		{6A8C49EA-84C7-476E-83B4-0826D93D8531}.Debug|x64.ActiveCfg = Debug|Any CPU
		{6A8C49EA-84C7-476E-83B4-0826D93D8531}.Debug|x64.Build.0 = Debug|Any CPU
		{6A8C49EA-84C7-476E-83B4-0826D93D8531}.Debug|x86.ActiveCfg = Debug|Any CPU
		{6A8C49EA-84C7-476E-83B4-0826D93D8531}.Debug|x86.Build.0 = Debug|Any CPU
		{6A8C49EA-84C7-476E-83B4-0826D93D8531}.Release|Any CPU.ActiveCfg = Release|Any CPU
		{6A8C49EA-84C7-476E-83B4-0826D93D8531}.Release|Any CPU.Build.0 = Release|Any CPU
		{6A8C49EA-84C7-476E-83B4-0826D93D8531}.Release|x64.ActiveCfg = Release|Any CPU
		{6A8C49EA-84C7-476E-83B4-0826D93D8531}.Release|x64.Build.0 = Release|Any CPU
		{6A8C49EA-84C7-476E-83B4-0826D93D8531}.Release|x86.ActiveCfg = Release|Any CPU
		{6A8C49EA-84C7-476E-83B4-0826D93D8531}.Release|x86.Build.0 = Release|Any CPU
		{2E10843A-E32D-4AF5-B489-E2ECC5D7D8E4}.Debug|Any CPU.ActiveCfg = Debug|Any CPU
		{2E10843A-E32D-4AF5-B489-E2ECC5D7D8E4}.Debug|Any CPU.Build.0 = Debug|Any CPU
		{2E10843A-E32D-4AF5-B489-E2ECC5D7D8E4}.Debug|x64.ActiveCfg = Debug|Any CPU
		{2E10843A-E32D-4AF5-B489-E2ECC5D7D8E4}.Debug|x64.Build.0 = Debug|Any CPU
		{2E10843A-E32D-4AF5-B489-E2ECC5D7D8E4}.Debug|x86.ActiveCfg = Debug|Any CPU
		{2E10843A-E32D-4AF5-B489-E2ECC5D7D8E4}.Debug|x86.Build.0 = Debug|Any CPU
		{2E10843A-E32D-4AF5-B489-E2ECC5D7D8E4}.Release|Any CPU.ActiveCfg = Release|Any CPU
		{2E10843A-E32D-4AF5-B489-E2ECC5D7D8E4}.Release|Any CPU.Build.0 = Release|Any CPU
		{2E10843A-E32D-4AF5-B489-E2ECC5D7D8E4}.Release|x64.ActiveCfg = Release|Any CPU
		{2E10843A-E32D-4AF5-B489-E2ECC5D7D8E4}.Release|x64.Build.0 = Release|Any CPU
		{2E10843A-E32D-4AF5-B489-E2ECC5D7D8E4}.Release|x86.ActiveCfg = Release|Any CPU
		{2E10843A-E32D-4AF5-B489-E2ECC5D7D8E4}.Release|x86.Build.0 = Release|Any CPU
		{8A03269B-83D4-40AD-A03E-26679C758237}.Debug|Any CPU.ActiveCfg = Debug|Any CPU
		{8A03269B-83D4-40AD-A03E-26679C758237}.Debug|Any CPU.Build.0 = Debug|Any CPU
		{8A03269B-83D4-40AD-A03E-26679C758237}.Debug|x64.ActiveCfg = Debug|Any CPU
		{8A03269B-83D4-40AD-A03E-26679C758237}.Debug|x64.Build.0 = Debug|Any CPU
		{8A03269B-83D4-40AD-A03E-26679C758237}.Debug|x86.ActiveCfg = Debug|Any CPU
		{8A03269B-83D4-40AD-A03E-26679C758237}.Debug|x86.Build.0 = Debug|Any CPU
		{8A03269B-83D4-40AD-A03E-26679C758237}.Release|Any CPU.ActiveCfg = Release|Any CPU
		{8A03269B-83D4-40AD-A03E-26679C758237}.Release|Any CPU.Build.0 = Release|Any CPU
		{8A03269B-83D4-40AD-A03E-26679C758237}.Release|x64.ActiveCfg = Release|Any CPU
		{8A03269B-83D4-40AD-A03E-26679C758237}.Release|x64.Build.0 = Release|Any CPU
		{8A03269B-83D4-40AD-A03E-26679C758237}.Release|x86.ActiveCfg = Release|Any CPU
		{8A03269B-83D4-40AD-A03E-26679C758237}.Release|x86.Build.0 = Release|Any CPU
		{450D4365-A70D-48C4-A10F-09D6C47828DC}.Debug|Any CPU.ActiveCfg = Debug|Any CPU
		{450D4365-A70D-48C4-A10F-09D6C47828DC}.Debug|Any CPU.Build.0 = Debug|Any CPU
		{450D4365-A70D-48C4-A10F-09D6C47828DC}.Debug|x64.ActiveCfg = Debug|Any CPU
		{450D4365-A70D-48C4-A10F-09D6C47828DC}.Debug|x64.Build.0 = Debug|Any CPU
		{450D4365-A70D-48C4-A10F-09D6C47828DC}.Debug|x86.ActiveCfg = Debug|Any CPU
		{450D4365-A70D-48C4-A10F-09D6C47828DC}.Debug|x86.Build.0 = Debug|Any CPU
		{450D4365-A70D-48C4-A10F-09D6C47828DC}.Release|Any CPU.ActiveCfg = Release|Any CPU
		{450D4365-A70D-48C4-A10F-09D6C47828DC}.Release|Any CPU.Build.0 = Release|Any CPU
		{450D4365-A70D-48C4-A10F-09D6C47828DC}.Release|x64.ActiveCfg = Release|Any CPU
		{450D4365-A70D-48C4-A10F-09D6C47828DC}.Release|x64.Build.0 = Release|Any CPU
		{450D4365-A70D-48C4-A10F-09D6C47828DC}.Release|x86.ActiveCfg = Release|Any CPU
		{450D4365-A70D-48C4-A10F-09D6C47828DC}.Release|x86.Build.0 = Release|Any CPU
		{C42C4C2A-CE3B-42EA-8C54-38CAF40D170A}.Debug|Any CPU.ActiveCfg = Debug|Any CPU
		{C42C4C2A-CE3B-42EA-8C54-38CAF40D170A}.Debug|Any CPU.Build.0 = Debug|Any CPU
		{C42C4C2A-CE3B-42EA-8C54-38CAF40D170A}.Debug|x64.ActiveCfg = Debug|Any CPU
		{C42C4C2A-CE3B-42EA-8C54-38CAF40D170A}.Debug|x64.Build.0 = Debug|Any CPU
		{C42C4C2A-CE3B-42EA-8C54-38CAF40D170A}.Debug|x86.ActiveCfg = Debug|Any CPU
		{C42C4C2A-CE3B-42EA-8C54-38CAF40D170A}.Debug|x86.Build.0 = Debug|Any CPU
		{C42C4C2A-CE3B-42EA-8C54-38CAF40D170A}.Release|Any CPU.ActiveCfg = Release|Any CPU
		{C42C4C2A-CE3B-42EA-8C54-38CAF40D170A}.Release|Any CPU.Build.0 = Release|Any CPU
		{C42C4C2A-CE3B-42EA-8C54-38CAF40D170A}.Release|x64.ActiveCfg = Release|Any CPU
		{C42C4C2A-CE3B-42EA-8C54-38CAF40D170A}.Release|x64.Build.0 = Release|Any CPU
		{C42C4C2A-CE3B-42EA-8C54-38CAF40D170A}.Release|x86.ActiveCfg = Release|Any CPU
		{C42C4C2A-CE3B-42EA-8C54-38CAF40D170A}.Release|x86.Build.0 = Release|Any CPU
	EndGlobalSection
	GlobalSection(SolutionProperties) = preSolution
		HideSolutionNode = FALSE
	EndGlobalSection
	GlobalSection(NestedProjects) = preSolution
		{00A7FFFC-3CD4-4419-B0F2-F08FF0557069} = {827E0CD3-B72D-47B6-A68D-7590B98EB39B}
		{3A287B50-1F6E-445C-B073-6547529B47E9} = {827E0CD3-B72D-47B6-A68D-7590B98EB39B}
		{265D35D8-55FB-4892-A43A-34F7DDE53310} = {827E0CD3-B72D-47B6-A68D-7590B98EB39B}
		{B10BFFA7-E9D9-4D51-94AC-51A218A24CEC} = {827E0CD3-B72D-47B6-A68D-7590B98EB39B}
		{388B8499-1B11-4C7F-923F-74A589177625} = {827E0CD3-B72D-47B6-A68D-7590B98EB39B}
		{E7550660-0BAC-4CF6-8170-09FCC5657E9F} = {827E0CD3-B72D-47B6-A68D-7590B98EB39B}
		{E6F69F6E-04D6-4C0A-8566-4528E7217D5E} = {827E0CD3-B72D-47B6-A68D-7590B98EB39B}
		{31634551-5B34-4619-92FC-C87C46E2ADB6} = {827E0CD3-B72D-47B6-A68D-7590B98EB39B}
		{6A8C49EA-84C7-476E-83B4-0826D93D8531} = {827E0CD3-B72D-47B6-A68D-7590B98EB39B}
		{2E10843A-E32D-4AF5-B489-E2ECC5D7D8E4} = {827E0CD3-B72D-47B6-A68D-7590B98EB39B}
		{8A03269B-83D4-40AD-A03E-26679C758237} = {827E0CD3-B72D-47B6-A68D-7590B98EB39B}
		{450D4365-A70D-48C4-A10F-09D6C47828DC} = {0AB3BF05-4346-4AA6-1389-037BE0695223}
		{C42C4C2A-CE3B-42EA-8C54-38CAF40D170A} = {0AB3BF05-4346-4AA6-1389-037BE0695223}
	EndGlobalSection
EndGlobal
